
Microsoft Visual Studio Solution File, Format Version 12.00
# Visual Studio Version 17
VisualStudioVersion = 17.0.31903.59
MinimumVisualStudioVersion = 10.0.40219.1
Project("{FAE04EC0-301F-11D3-BF4B-00C04F79EFBC}") = "WebAPI", "WebAPI\WebAPI.csproj", "{71432BE7-31E7-4881-AA30-A413758203A2}"
EndProject
Project("{FAE04EC0-301F-11D3-BF4B-00C04F79EFBC}") = "Core", "Core\Core.csproj", "{16C5CE66-2DAD-4C13-AEED-AF49F4C7319A}"
EndProject
Project("{FAE04EC0-301F-11D3-BF4B-00C04F79EFBC}") = "BLL", "BLL\BLL.csproj", "{F601D621-AD2F-4C63-BAAA-D08711BF0939}"
EndProject
Global
	GlobalSection(SolutionConfigurationPlatforms) = preSolution
		Debug|Any CPU = Debug|Any CPU
		Release|Any CPU = Release|Any CPU
	EndGlobalSection
	GlobalSection(ProjectConfigurationPlatforms) = postSolution
		{71432BE7-31E7-4881-AA30-A413758203A2}.Debug|Any CPU.ActiveCfg = Debug|Any CPU
		{71432BE7-31E7-4881-AA30-A413758203A2}.Debug|Any CPU.Build.0 = Debug|Any CPU
		{71432BE7-31E7-4881-AA30-A413758203A2}.Release|Any CPU.ActiveCfg = Release|Any CPU
		{71432BE7-31E7-4881-AA30-A413758203A2}.Release|Any CPU.Build.0 = Release|Any CPU
		{16C5CE66-2DAD-4C13-AEED-AF49F4C7319A}.Debug|Any CPU.ActiveCfg = Debug|Any CPU
		{16C5CE66-2DAD-4C13-AEED-AF49F4C7319A}.Debug|Any CPU.Build.0 = Debug|Any CPU
		{16C5CE66-2DAD-4C13-AEED-AF49F4C7319A}.Release|Any CPU.ActiveCfg = Release|Any CPU
		{16C5CE66-2DAD-4C13-AEED-AF49F4C7319A}.Release|Any CPU.Build.0 = Release|Any CPU
		{F601D621-AD2F-4C63-BAAA-D08711BF0939}.Debug|Any CPU.ActiveCfg = Debug|Any CPU
		{F601D621-AD2F-4C63-BAAA-D08711BF0939}.Debug|Any CPU.Build.0 = Debug|Any CPU
		{F601D621-AD2F-4C63-BAAA-D08711BF0939}.Release|Any CPU.ActiveCfg = Release|Any CPU
		{F601D621-AD2F-4C63-BAAA-D08711BF0939}.Release|Any CPU.Build.0 = Release|Any CPU
	EndGlobalSection
	GlobalSection(SolutionProperties) = preSolution
		HideSolutionNode = FALSE
	EndGlobalSection
EndGlobal
